// !$*UTF8*$!
{
	archiveVersion = 1;
	classes = {
	};
	objectVersion = 50;
	objects = {

/* Begin PBXBuildFile section */
		ED17763D211EE64100849EB1 /* ActivityRecorder.swift in Sources */ = {isa = PBXBuildFile; fileRef = ED17763C211EE64100849EB1 /* ActivityRecorder.swift */; };
		ED2BD7302116E6A80045DF2A /* AppDelegate.swift in Sources */ = {isa = PBXBuildFile; fileRef = ED2BD72F2116E6A80045DF2A /* AppDelegate.swift */; };
		ED2BD7322116E6A80045DF2A /* ViewController.swift in Sources */ = {isa = PBXBuildFile; fileRef = ED2BD7312116E6A80045DF2A /* ViewController.swift */; };
		ED2BD7352116E6A80045DF2A /* Main.storyboard in Resources */ = {isa = PBXBuildFile; fileRef = ED2BD7332116E6A80045DF2A /* Main.storyboard */; };
		ED2BD7372116E6A90045DF2A /* Assets.xcassets in Resources */ = {isa = PBXBuildFile; fileRef = ED2BD7362116E6A90045DF2A /* Assets.xcassets */; };
		ED2BD73A2116E6A90045DF2A /* LaunchScreen.storyboard in Resources */ = {isa = PBXBuildFile; fileRef = ED2BD7382116E6A90045DF2A /* LaunchScreen.storyboard */; };
		ED9BF8642187585600240FF5 /* ActivityDetailsController.swift in Sources */ = {isa = PBXBuildFile; fileRef = ED9BF8632187585600240FF5 /* ActivityDetailsController.swift */; };
		ED9BF8662187588900240FF5 /* ActivityOverviewController.swift in Sources */ = {isa = PBXBuildFile; fileRef = ED9BF8652187588900240FF5 /* ActivityOverviewController.swift */; };
		ED9BF868218773CB00240FF5 /* ActivityOverviewCell.swift in Sources */ = {isa = PBXBuildFile; fileRef = ED9BF867218773CB00240FF5 /* ActivityOverviewCell.swift */; };
		EDAAA15E211846E6009D3080 /* ActivityController.swift in Sources */ = {isa = PBXBuildFile; fileRef = EDAAA15D211846E6009D3080 /* ActivityController.swift */; };
/* End PBXBuildFile section */

/* Begin PBXFileReference section */
		ED17763C211EE64100849EB1 /* ActivityRecorder.swift */ = {isa = PBXFileReference; lastKnownFileType = sourcecode.swift; path = ActivityRecorder.swift; sourceTree = "<group>"; };
		ED2BD72C2116E6A80045DF2A /* Runder.app */ = {isa = PBXFileReference; explicitFileType = wrapper.application; includeInIndex = 0; path = Runder.app; sourceTree = BUILT_PRODUCTS_DIR; };
		ED2BD72F2116E6A80045DF2A /* AppDelegate.swift */ = {isa = PBXFileReference; lastKnownFileType = sourcecode.swift; path = AppDelegate.swift; sourceTree = "<group>"; };
		ED2BD7312116E6A80045DF2A /* ViewController.swift */ = {isa = PBXFileReference; lastKnownFileType = sourcecode.swift; path = ViewController.swift; sourceTree = "<group>"; };
		ED2BD7342116E6A80045DF2A /* Base */ = {isa = PBXFileReference; lastKnownFileType = file.storyboard; name = Base; path = Base.lproj/Main.storyboard; sourceTree = "<group>"; };
		ED2BD7362116E6A90045DF2A /* Assets.xcassets */ = {isa = PBXFileReference; lastKnownFileType = folder.assetcatalog; path = Assets.xcassets; sourceTree = "<group>"; };
		ED2BD7392116E6A90045DF2A /* Base */ = {isa = PBXFileReference; lastKnownFileType = file.storyboard; name = Base; path = Base.lproj/LaunchScreen.storyboard; sourceTree = "<group>"; };
		ED2BD73B2116E6A90045DF2A /* Info.plist */ = {isa = PBXFileReference; lastKnownFileType = text.plist.xml; path = Info.plist; sourceTree = "<group>"; };
		ED9BF8632187585600240FF5 /* ActivityDetailsController.swift */ = {isa = PBXFileReference; lastKnownFileType = sourcecode.swift; path = ActivityDetailsController.swift; sourceTree = "<group>"; };
		ED9BF8652187588900240FF5 /* ActivityOverviewController.swift */ = {isa = PBXFileReference; lastKnownFileType = sourcecode.swift; path = ActivityOverviewController.swift; sourceTree = "<group>"; };
		ED9BF867218773CB00240FF5 /* ActivityOverviewCell.swift */ = {isa = PBXFileReference; lastKnownFileType = sourcecode.swift; path = ActivityOverviewCell.swift; sourceTree = "<group>"; };
		EDAAA15D211846E6009D3080 /* ActivityController.swift */ = {isa = PBXFileReference; lastKnownFileType = sourcecode.swift; path = ActivityController.swift; sourceTree = "<group>"; };
/* End PBXFileReference section */

/* Begin PBXFrameworksBuildPhase section */
		ED2BD7292116E6A80045DF2A /* Frameworks */ = {
			isa = PBXFrameworksBuildPhase;
			buildActionMask = 2147483647;
			files = (
			);
			runOnlyForDeploymentPostprocessing = 0;
		};
/* End PBXFrameworksBuildPhase section */

/* Begin PBXGroup section */
		ED2BD7232116E6A80045DF2A = {
			isa = PBXGroup;
			children = (
				ED2BD72E2116E6A80045DF2A /* Runder */,
				ED2BD72D2116E6A80045DF2A /* Products */,
			);
			sourceTree = "<group>";
		};
		ED2BD72D2116E6A80045DF2A /* Products */ = {
			isa = PBXGroup;
			children = (
				ED2BD72C2116E6A80045DF2A /* Runder.app */,
			);
			name = Products;
			sourceTree = "<group>";
		};
		ED2BD72E2116E6A80045DF2A /* Runder */ = {
			isa = PBXGroup;
			children = (
				ED2BD72F2116E6A80045DF2A /* AppDelegate.swift */,
				ED2BD7312116E6A80045DF2A /* ViewController.swift */,
				EDAAA15D211846E6009D3080 /* ActivityController.swift */,
				ED17763C211EE64100849EB1 /* ActivityRecorder.swift */,
				ED9BF867218773CB00240FF5 /* ActivityOverviewCell.swift */,
				ED9BF8652187588900240FF5 /* ActivityOverviewController.swift */,
				ED9BF8632187585600240FF5 /* ActivityDetailsController.swift */,
				ED2BD7332116E6A80045DF2A /* Main.storyboard */,
				ED2BD7362116E6A90045DF2A /* Assets.xcassets */,
				ED2BD7382116E6A90045DF2A /* LaunchScreen.storyboard */,
				ED2BD73B2116E6A90045DF2A /* Info.plist */,
			);
			path = Runder;
			sourceTree = "<group>";
		};
/* End PBXGroup section */

/* Begin PBXNativeTarget section */
		ED2BD72B2116E6A80045DF2A /* Runder */ = {
			isa = PBXNativeTarget;
			buildConfigurationList = ED2BD73E2116E6A90045DF2A /* Build configuration list for PBXNativeTarget "Runder" */;
			buildPhases = (
				ED2BD7282116E6A80045DF2A /* Sources */,
				ED2BD7292116E6A80045DF2A /* Frameworks */,
				ED2BD72A2116E6A80045DF2A /* Resources */,
			);
			buildRules = (
			);
			dependencies = (
			);
			name = Runder;
			productName = Runder;
			productReference = ED2BD72C2116E6A80045DF2A /* Runder.app */;
			productType = "com.apple.product-type.application";
		};
/* End PBXNativeTarget section */

/* Begin PBXProject section */
		ED2BD7242116E6A80045DF2A /* Project object */ = {
			isa = PBXProject;
			attributes = {
				LastSwiftUpdateCheck = 0940;
				LastUpgradeCheck = 0940;
				ORGANIZATIONNAME = "New Image";
				TargetAttributes = {
					ED2BD72B2116E6A80045DF2A = {
						CreatedOnToolsVersion = 9.4.1;
						LastSwiftMigration = 1000;
					};
				};
			};
			buildConfigurationList = ED2BD7272116E6A80045DF2A /* Build configuration list for PBXProject "Runder" */;
			compatibilityVersion = "Xcode 9.3";
			developmentRegion = en;
			hasScannedForEncodings = 0;
			knownRegions = (
				en,
				Base,
			);
			mainGroup = ED2BD7232116E6A80045DF2A;
			productRefGroup = ED2BD72D2116E6A80045DF2A /* Products */;
			projectDirPath = "";
			projectRoot = "";
			targets = (
				ED2BD72B2116E6A80045DF2A /* Runder */,
			);
		};
/* End PBXProject section */

/* Begin PBXResourcesBuildPhase section */
		ED2BD72A2116E6A80045DF2A /* Resources */ = {
			isa = PBXResourcesBuildPhase;
			buildActionMask = 2147483647;
			files = (
				ED2BD73A2116E6A90045DF2A /* LaunchScreen.storyboard in Resources */,
				ED2BD7372116E6A90045DF2A /* Assets.xcassets in Resources */,
				ED2BD7352116E6A80045DF2A /* Main.storyboard in Resources */,
			);
			runOnlyForDeploymentPostprocessing = 0;
		};
/* End PBXResourcesBuildPhase section */

/* Begin PBXSourcesBuildPhase section */
		ED2BD7282116E6A80045DF2A /* Sources */ = {
			isa = PBXSourcesBuildPhase;
			buildActionMask = 2147483647;
			files = (
				ED9BF8662187588900240FF5 /* ActivityOverviewController.swift in Sources */,
				ED17763D211EE64100849EB1 /* ActivityRecorder.swift in Sources */,
				ED2BD7322116E6A80045DF2A /* ViewController.swift in Sources */,
				ED9BF868218773CB00240FF5 /* ActivityOverviewCell.swift in Sources */,
				EDAAA15E211846E6009D3080 /* ActivityController.swift in Sources */,
				ED9BF8642187585600240FF5 /* ActivityDetailsController.swift in Sources */,
				ED2BD7302116E6A80045DF2A /* AppDelegate.swift in Sources */,
			);
			runOnlyForDeploymentPostprocessing = 0;
		};
/* End PBXSourcesBuildPhase section */

/* Begin PBXVariantGroup section */
		ED2BD7332116E6A80045DF2A /* Main.storyboard */ = {
			isa = PBXVariantGroup;
			children = (
				ED2BD7342116E6A80045DF2A /* Base */,
			);
			name = Main.storyboard;
			sourceTree = "<group>";
		};
		ED2BD7382116E6A90045DF2A /* LaunchScreen.storyboard */ = {
			isa = PBXVariantGroup;
			children = (
				ED2BD7392116E6A90045DF2A /* Base */,
			);
			name = LaunchScreen.storyboard;
			sourceTree = "<group>";
		};
/* End PBXVariantGroup section */

/* Begin XCBuildConfiguration section */
		ED2BD73C2116E6A90045DF2A /* Debug */ = {
			isa = XCBuildConfiguration;
			buildSettings = {
				ALWAYS_SEARCH_USER_PATHS = NO;
				CLANG_ANALYZER_NONNULL = YES;
				CLANG_ANALYZER_NUMBER_OBJECT_CONVERSION = YES_AGGRESSIVE;
				CLANG_CXX_LANGUAGE_STANDARD = "gnu++14";
				CLANG_CXX_LIBRARY = "libc++";
				CLANG_ENABLE_MODULES = YES;
				CLANG_ENABLE_OBJC_ARC = YES;
				CLANG_ENABLE_OBJC_WEAK = YES;
				CLANG_WARN_BLOCK_CAPTURE_AUTORELEASING = YES;
				CLANG_WARN_BOOL_CONVERSION = YES;
				CLANG_WARN_COMMA = YES;
				CLANG_WARN_CONSTANT_CONVERSION = YES;
				CLANG_WARN_DEPRECATED_OBJC_IMPLEMENTATIONS = YES;
				CLANG_WARN_DIRECT_OBJC_ISA_USAGE = YES_ERROR;
				CLANG_WARN_DOCUMENTATION_COMMENTS = YES;
				CLANG_WARN_EMPTY_BODY = YES;
				CLANG_WARN_ENUM_CONVERSION = YES;
				CLANG_WARN_INFINITE_RECURSION = YES;
				CLANG_WARN_INT_CONVERSION = YES;
				CLANG_WARN_NON_LITERAL_NULL_CONVERSION = YES;
				CLANG_WARN_OBJC_IMPLICIT_RETAIN_SELF = YES;
				CLANG_WARN_OBJC_LITERAL_CONVERSION = YES;
				CLANG_WARN_OBJC_ROOT_CLASS = YES_ERROR;
				CLANG_WARN_RANGE_LOOP_ANALYSIS = YES;
				CLANG_WARN_STRICT_PROTOTYPES = YES;
				CLANG_WARN_SUSPICIOUS_MOVE = YES;
				CLANG_WARN_UNGUARDED_AVAILABILITY = YES_AGGRESSIVE;
				CLANG_WARN_UNREACHABLE_CODE = YES;
				CLANG_WARN__DUPLICATE_METHOD_MATCH = YES;
				CODE_SIGN_IDENTITY = "iPhone Developer";
				COPY_PHASE_STRIP = NO;
				DEBUG_INFORMATION_FORMAT = dwarf;
				ENABLE_STRICT_OBJC_MSGSEND = YES;
				ENABLE_TESTABILITY = YES;
				GCC_C_LANGUAGE_STANDARD = gnu11;
				GCC_DYNAMIC_NO_PIC = NO;
				GCC_NO_COMMON_BLOCKS = YES;
				GCC_OPTIMIZATION_LEVEL = 0;
				GCC_PREPROCESSOR_DEFINITIONS = (
					"DEBUG=1",
					"$(inherited)",
				);
				GCC_WARN_64_TO_32_BIT_CONVERSION = YES;
				GCC_WARN_ABOUT_RETURN_TYPE = YES_ERROR;
				GCC_WARN_UNDECLARED_SELECTOR = YES;
				GCC_WARN_UNINITIALIZED_AUTOS = YES_AGGRESSIVE;
				GCC_WARN_UNUSED_FUNCTION = YES;
				GCC_WARN_UNUSED_VARIABLE = YES;
				IPHONEOS_DEPLOYMENT_TARGET = 11.4;
				MTL_ENABLE_DEBUG_INFO = YES;
				ONLY_ACTIVE_ARCH = YES;
				SDKROOT = iphoneos;
				SWIFT_ACTIVE_COMPILATION_CONDITIONS = DEBUG;
				SWIFT_OPTIMIZATION_LEVEL = "-Onone";
			};
			name = Debug;
		};
		ED2BD73D2116E6A90045DF2A /* Release */ = {
			isa = XCBuildConfiguration;
			buildSettings = {
				ALWAYS_SEARCH_USER_PATHS = NO;
				CLANG_ANALYZER_NONNULL = YES;
				CLANG_ANALYZER_NUMBER_OBJECT_CONVERSION = YES_AGGRESSIVE;
				CLANG_CXX_LANGUAGE_STANDARD = "gnu++14";
				CLANG_CXX_LIBRARY = "libc++";
				CLANG_ENABLE_MODULES = YES;
				CLANG_ENABLE_OBJC_ARC = YES;
				CLANG_ENABLE_OBJC_WEAK = YES;
				CLANG_WARN_BLOCK_CAPTURE_AUTORELEASING = YES;
				CLANG_WARN_BOOL_CONVERSION = YES;
				CLANG_WARN_COMMA = YES;
				CLANG_WARN_CONSTANT_CONVERSION = YES;
				CLANG_WARN_DEPRECATED_OBJC_IMPLEMENTATIONS = YES;
				CLANG_WARN_DIRECT_OBJC_ISA_USAGE = YES_ERROR;
				CLANG_WARN_DOCUMENTATION_COMMENTS = YES;
				CLANG_WARN_EMPTY_BODY = YES;
				CLANG_WARN_ENUM_CONVERSION = YES;
				CLANG_WARN_INFINITE_RECURSION = YES;
				CLANG_WARN_INT_CONVERSION = YES;
				CLANG_WARN_NON_LITERAL_NULL_CONVERSION = YES;
				CLANG_WARN_OBJC_IMPLICIT_RETAIN_SELF = YES;
				CLANG_WARN_OBJC_LITERAL_CONVERSION = YES;
				CLANG_WARN_OBJC_ROOT_CLASS = YES_ERROR;
				CLANG_WARN_RANGE_LOOP_ANALYSIS = YES;
				CLANG_WARN_STRICT_PROTOTYPES = YES;
				CLANG_WARN_SUSPICIOUS_MOVE = YES;
				CLANG_WARN_UNGUARDED_AVAILABILITY = YES_AGGRESSIVE;
				CLANG_WARN_UNREACHABLE_CODE = YES;
				CLANG_WARN__DUPLICATE_METHOD_MATCH = YES;
				CODE_SIGN_IDENTITY = "iPhone Developer";
				COPY_PHASE_STRIP = NO;
				DEBUG_INFORMATION_FORMAT = "dwarf-with-dsym";
				ENABLE_NS_ASSERTIONS = NO;
				ENABLE_STRICT_OBJC_MSGSEND = YES;
				GCC_C_LANGUAGE_STANDARD = gnu11;
				GCC_NO_COMMON_BLOCKS = YES;
				GCC_WARN_64_TO_32_BIT_CONVERSION = YES;
				GCC_WARN_ABOUT_RETURN_TYPE = YES_ERROR;
				GCC_WARN_UNDECLARED_SELECTOR = YES;
				GCC_WARN_UNINITIALIZED_AUTOS = YES_AGGRESSIVE;
				GCC_WARN_UNUSED_FUNCTION = YES;
				GCC_WARN_UNUSED_VARIABLE = YES;
				IPHONEOS_DEPLOYMENT_TARGET = 11.4;
				MTL_ENABLE_DEBUG_INFO = NO;
				SDKROOT = iphoneos;
				SWIFT_COMPILATION_MODE = wholemodule;
				SWIFT_OPTIMIZATION_LEVEL = "-O";
				VALIDATE_PRODUCT = YES;
			};
			name = Release;
		};
		ED2BD73F2116E6A90045DF2A /* Debug */ = {
			isa = XCBuildConfiguration;
			buildSettings = {
				ASSETCATALOG_COMPILER_APPICON_NAME = AppIcon;
				CODE_SIGN_STYLE = Automatic;
				DEVELOPMENT_TEAM = QP7WW7YFCW;
				INFOPLIST_FILE = Runder/Info.plist;
				LD_RUNPATH_SEARCH_PATHS = (
					"$(inherited)",
					"@executable_path/Frameworks",
				);
				PRODUCT_BUNDLE_IDENTIFIER = "n-image.Runder";
				PRODUCT_NAME = "$(TARGET_NAME)";
				SWIFT_VERSION = 4.2;
				TARGETED_DEVICE_FAMILY = "1,2";
			};
			name = Debug;
		};
		ED2BD7402116E6A90045DF2A /* Release */ = {
			isa = XCBuildConfiguration;
			buildSettings = {
				ASSETCATALOG_COMPILER_APPICON_NAME = AppIcon;
				CODE_SIGN_STYLE = Automatic;
				DEVELOPMENT_TEAM = QP7WW7YFCW;
				INFOPLIST_FILE = Runder/Info.plist;
				LD_RUNPATH_SEARCH_PATHS = (
					"$(inherited)",
					"@executable_path/Frameworks",
				);
				PRODUCT_BUNDLE_IDENTIFIER = "n-image.Runder";
				PRODUCT_NAME = "$(TARGET_NAME)";
				SWIFT_VERSION = 4.2;
				TARGETED_DEVICE_FAMILY = "1,2";
			};
			name = Release;
		};
/* End XCBuildConfiguration section */

/* Begin XCConfigurationList section */
		ED2BD7272116E6A80045DF2A /* Build configuration list for PBXProject "Runder" */ = {
			isa = XCConfigurationList;
			buildConfigurations = (
				ED2BD73C2116E6A90045DF2A /* Debug */,
				ED2BD73D2116E6A90045DF2A /* Release */,
			);
			defaultConfigurationIsVisible = 0;
			defaultConfigurationName = Release;
		};
		ED2BD73E2116E6A90045DF2A /* Build configuration list for PBXNativeTarget "Runder" */ = {
			isa = XCConfigurationList;
			buildConfigurations = (
				ED2BD73F2116E6A90045DF2A /* Debug */,
				ED2BD7402116E6A90045DF2A /* Release */,
			);
			defaultConfigurationIsVisible = 0;
			defaultConfigurationName = Release;
		};
/* End XCConfigurationList section */
	};
	rootObject = ED2BD7242116E6A80045DF2A /* Project object */;
}
